<Solution>
  <Folder Name="/Solution Items/" />
  <Folder Name="/src/">
    <Project Path="src/FirestoreSharp.Core/FirestoreSharp.Core.csproj" />
    <Project Path="src/FirestoreSharp.Server/FirestoreSharp.Server.csproj" />
  </Folder>
  <Folder Name="/test/">
    <Project Path="test/FirestoreSharp.Tests.Unit/FirestoreSharp.Tests.Unit.csproj" />
  </Folder>
</Solution>
